{
  "name": "coc-conjure",
  "version": "0.2.2",
  "lockfileVersion": 1,
  "requires": true,
  "dependencies": {
    "coc.nvim": {
      "version": "0.0.83-next.9",
      "resolved": "https://registry.npmjs.org/coc.nvim/-/coc.nvim-0.0.83-next.9.tgz",
      "integrity": "sha512-ek5+EgA9N92/6Wt07TAYpavmBgXZto4Dmwmm56oyBl/w4wy3Tod7LfpCp4k9M4xCxhxPtrflIcxvhdDUPIeMuw==",
      "dev": true
    }
  }
}
